// !$*UTF8*$!
{
	archiveVersion = 1;
	classes = {
	};
	objectVersion = 46;
	objects = {

/* Begin PBXBuildFile section */
		5EE56B7E45C08D9BBF9B9AED /* Pods_SocialNetwork55LabTests.framework in Frameworks */ = {isa = PBXBuildFile; fileRef = E065D0D52171E0895AC7892E /* Pods_SocialNetwork55LabTests.framework */; };
		7954B93334819F6F989AFC94 /* Pods_SocialNetwork55Lab.framework in Frameworks */ = {isa = PBXBuildFile; fileRef = 8072D6F2EC636560C10EDBAE /* Pods_SocialNetwork55Lab.framework */; };
		A40A25181DCB5C2C00DF9523 /* UIView+IBInspector.swift in Sources */ = {isa = PBXBuildFile; fileRef = A40A25171DCB5C2C00DF9523 /* UIView+IBInspector.swift */; };
		A40A251A1DCB681A00DF9523 /* UIView+Animations.swift in Sources */ = {isa = PBXBuildFile; fileRef = A40A25191DCB681A00DF9523 /* UIView+Animations.swift */; };
		A40A252B1DCBD4C000DF9523 /* TimelineViewController.swift in Sources */ = {isa = PBXBuildFile; fileRef = A40A252A1DCBD4C000DF9523 /* TimelineViewController.swift */; };
		A427680C1DD3A09D00363343 /* UIColorExtension.swift in Sources */ = {isa = PBXBuildFile; fileRef = A427680B1DD3A09D00363343 /* UIColorExtension.swift */; };
		A44967761DDA300100990008 /* DefaultsHelper.swift in Sources */ = {isa = PBXBuildFile; fileRef = A44967751DDA300100990008 /* DefaultsHelper.swift */; };
		A44E0C671DD092650028F06C /* Montserrat-Black.otf in Resources */ = {isa = PBXBuildFile; fileRef = A44E0C5F1DD092650028F06C /* Montserrat-Black.otf */; };
		A44E0C681DD092650028F06C /* Montserrat-Bold.otf in Resources */ = {isa = PBXBuildFile; fileRef = A44E0C601DD092650028F06C /* Montserrat-Bold.otf */; };
		A44E0C691DD092650028F06C /* Montserrat-ExtraBold.otf in Resources */ = {isa = PBXBuildFile; fileRef = A44E0C611DD092650028F06C /* Montserrat-ExtraBold.otf */; };
		A44E0C6A1DD092650028F06C /* Montserrat-Hairline.otf in Resources */ = {isa = PBXBuildFile; fileRef = A44E0C621DD092650028F06C /* Montserrat-Hairline.otf */; };
		A44E0C6B1DD092650028F06C /* Montserrat-Light.otf in Resources */ = {isa = PBXBuildFile; fileRef = A44E0C631DD092650028F06C /* Montserrat-Light.otf */; };
		A44E0C6C1DD092650028F06C /* Montserrat-Regular.otf in Resources */ = {isa = PBXBuildFile; fileRef = A44E0C641DD092650028F06C /* Montserrat-Regular.otf */; };
		A44E0C6D1DD092650028F06C /* Montserrat-SemiBold.otf in Resources */ = {isa = PBXBuildFile; fileRef = A44E0C651DD092650028F06C /* Montserrat-SemiBold.otf */; };
		A44E0C6E1DD092650028F06C /* Montserrat-UltraLight.otf in Resources */ = {isa = PBXBuildFile; fileRef = A44E0C661DD092650028F06C /* Montserrat-UltraLight.otf */; };
		A489B1F71DDA7D1100B239D5 /* Authentication.storyboard in Resources */ = {isa = PBXBuildFile; fileRef = A489B1F61DDA7D1100B239D5 /* Authentication.storyboard */; };
		A489B1F91DDA7D3E00B239D5 /* AuthenticationMainViewController.swift in Sources */ = {isa = PBXBuildFile; fileRef = A489B1F81DDA7D3E00B239D5 /* AuthenticationMainViewController.swift */; };
		A4AFBB021DD272A700F270C7 /* UIApplication+Navigation.swift in Sources */ = {isa = PBXBuildFile; fileRef = A4AFBB011DD272A700F270C7 /* UIApplication+Navigation.swift */; };
		A4AFBB0D1DD35D4600F270C7 /* Colors.swift in Sources */ = {isa = PBXBuildFile; fileRef = A4AFBB0C1DD35D4600F270C7 /* Colors.swift */; };
		A4CB02671DD261B200B01A6B /* IconNavigationBar.xib in Resources */ = {isa = PBXBuildFile; fileRef = A4CB02661DD261B200B01A6B /* IconNavigationBar.xib */; };
		A4CB02691DD261D900B01A6B /* IconNavigationBar.swift in Sources */ = {isa = PBXBuildFile; fileRef = A4CB02681DD261D900B01A6B /* IconNavigationBar.swift */; };
		A4D5DA231DDEBC7900EB9EC5 /* URLS.swift in Sources */ = {isa = PBXBuildFile; fileRef = A4D5DA221DDEBC7900EB9EC5 /* URLS.swift */; };
		A4E462FD1DCAEAF800A611C0 /* Timeline.storyboard in Resources */ = {isa = PBXBuildFile; fileRef = A4E462FC1DCAEAF800A611C0 /* Timeline.storyboard */; };
		A4E463041DCAEC4F00A611C0 /* Assets.xcassets in Resources */ = {isa = PBXBuildFile; fileRef = A4E463031DCAEC4F00A611C0 /* Assets.xcassets */; };
		A4F89B2A1DA809B100949A35 /* AppDelegate.swift in Sources */ = {isa = PBXBuildFile; fileRef = A4F89B291DA809B100949A35 /* AppDelegate.swift */; };
		A4F89B341DA809B100949A35 /* LaunchScreen.storyboard in Resources */ = {isa = PBXBuildFile; fileRef = A4F89B321DA809B100949A35 /* LaunchScreen.storyboard */; };
		A4F89B3F1DA809B100949A35 /* SocialNetwork55LabTests.swift in Sources */ = {isa = PBXBuildFile; fileRef = A4F89B3E1DA809B100949A35 /* SocialNetwork55LabTests.swift */; };
		A4FE063B1DD0A13E00BFDC4D /* Dictionary+Indexable.swift in Sources */ = {isa = PBXBuildFile; fileRef = A4FE063A1DD0A13E00BFDC4D /* Dictionary+Indexable.swift */; };
		D42E1A8F1E6E802B004EDBD1 /* CreateAccountViewController.swift in Sources */ = {isa = PBXBuildFile; fileRef = D42E1A8E1E6E802B004EDBD1 /* CreateAccountViewController.swift */; };
		D42E1A911E6E8054004EDBD1 /* LoginViewController.swift in Sources */ = {isa = PBXBuildFile; fileRef = D42E1A901E6E8054004EDBD1 /* LoginViewController.swift */; };
		D42E1A931E6EEF9B004EDBD1 /* AuthenticationContainerViewController.swift in Sources */ = {isa = PBXBuildFile; fileRef = D42E1A921E6EEF9B004EDBD1 /* AuthenticationContainerViewController.swift */; };
		D42E1A951E6F0437004EDBD1 /* ViewUtil.swift in Sources */ = {isa = PBXBuildFile; fileRef = D42E1A941E6F0437004EDBD1 /* ViewUtil.swift */; };
		D42E1AD21E6F1921004EDBD1 /* AKMaskField.swift in Sources */ = {isa = PBXBuildFile; fileRef = D42E1ACA1E6F1921004EDBD1 /* AKMaskField.swift */; };
		D42E1AD31E6F1921004EDBD1 /* AKMaskField.swift in Sources */ = {isa = PBXBuildFile; fileRef = D42E1ACA1E6F1921004EDBD1 /* AKMaskField.swift */; };
		D42E1AD41E6F1921004EDBD1 /* AKMaskFieldBlock.swift in Sources */ = {isa = PBXBuildFile; fileRef = D42E1ACB1E6F1921004EDBD1 /* AKMaskFieldBlock.swift */; };
		D42E1AD51E6F1921004EDBD1 /* AKMaskFieldBlock.swift in Sources */ = {isa = PBXBuildFile; fileRef = D42E1ACB1E6F1921004EDBD1 /* AKMaskFieldBlock.swift */; };
		D42E1AD61E6F1921004EDBD1 /* AKMaskFieldBlockCharacter.swift in Sources */ = {isa = PBXBuildFile; fileRef = D42E1ACC1E6F1921004EDBD1 /* AKMaskFieldBlockCharacter.swift */; };
		D42E1AD71E6F1921004EDBD1 /* AKMaskFieldBlockCharacter.swift in Sources */ = {isa = PBXBuildFile; fileRef = D42E1ACC1E6F1921004EDBD1 /* AKMaskFieldBlockCharacter.swift */; };
		D42E1AD81E6F1921004EDBD1 /* AKMaskFieldBrackets.swift in Sources */ = {isa = PBXBuildFile; fileRef = D42E1ACD1E6F1921004EDBD1 /* AKMaskFieldBrackets.swift */; };
		D42E1AD91E6F1921004EDBD1 /* AKMaskFieldBrackets.swift in Sources */ = {isa = PBXBuildFile; fileRef = D42E1ACD1E6F1921004EDBD1 /* AKMaskFieldBrackets.swift */; };
		D42E1ADA1E6F1921004EDBD1 /* AKMaskFieldEvent.swift in Sources */ = {isa = PBXBuildFile; fileRef = D42E1ACE1E6F1921004EDBD1 /* AKMaskFieldEvent.swift */; };
		D42E1ADB1E6F1921004EDBD1 /* AKMaskFieldEvent.swift in Sources */ = {isa = PBXBuildFile; fileRef = D42E1ACE1E6F1921004EDBD1 /* AKMaskFieldEvent.swift */; };
		D42E1ADC1E6F1921004EDBD1 /* AKMaskFieldPatternCharacter.swift in Sources */ = {isa = PBXBuildFile; fileRef = D42E1ACF1E6F1921004EDBD1 /* AKMaskFieldPatternCharacter.swift */; };
		D42E1ADD1E6F1921004EDBD1 /* AKMaskFieldPatternCharacter.swift in Sources */ = {isa = PBXBuildFile; fileRef = D42E1ACF1E6F1921004EDBD1 /* AKMaskFieldPatternCharacter.swift */; };
		D42E1ADE1E6F1921004EDBD1 /* AKMaskFieldStatus.swift in Sources */ = {isa = PBXBuildFile; fileRef = D42E1AD01E6F1921004EDBD1 /* AKMaskFieldStatus.swift */; };
		D42E1ADF1E6F1921004EDBD1 /* AKMaskFieldStatus.swift in Sources */ = {isa = PBXBuildFile; fileRef = D42E1AD01E6F1921004EDBD1 /* AKMaskFieldStatus.swift */; };
		D42E1AE01E6F1921004EDBD1 /* AKMaskFieldUtility.swift in Sources */ = {isa = PBXBuildFile; fileRef = D42E1AD11E6F1921004EDBD1 /* AKMaskFieldUtility.swift */; };
		D42E1AE11E6F1921004EDBD1 /* AKMaskFieldUtility.swift in Sources */ = {isa = PBXBuildFile; fileRef = D42E1AD11E6F1921004EDBD1 /* AKMaskFieldUtility.swift */; };
		D47BE11A1E77266C00261B01 /* UserWorkCollectionViewCell.swift in Sources */ = {isa = PBXBuildFile; fileRef = D47BE1181E77266C00261B01 /* UserWorkCollectionViewCell.swift */; };
		D47BE11B1E77266C00261B01 /* UserWorkCollectionViewCell.xib in Resources */ = {isa = PBXBuildFile; fileRef = D47BE1191E77266C00261B01 /* UserWorkCollectionViewCell.xib */; };
		D47BE11E1E7735FF00261B01 /* UserWorkTableViewCell.swift in Sources */ = {isa = PBXBuildFile; fileRef = D47BE11C1E7735FF00261B01 /* UserWorkTableViewCell.swift */; };
		D47BE11F1E7735FF00261B01 /* UserWorkTableViewCell.xib in Resources */ = {isa = PBXBuildFile; fileRef = D47BE11D1E7735FF00261B01 /* UserWorkTableViewCell.xib */; };
		D47BE1211E77394900261B01 /* UICollectionViewCell+Utils.swift in Sources */ = {isa = PBXBuildFile; fileRef = D47BE1201E77394900261B01 /* UICollectionViewCell+Utils.swift */; };
		D47BE1241E7760B400261B01 /* ParseRequest.swift in Sources */ = {isa = PBXBuildFile; fileRef = D47BE1231E7760B400261B01 /* ParseRequest.swift */; };
		D47BE1271E7760F000261B01 /* UserRequest.swift in Sources */ = {isa = PBXBuildFile; fileRef = D47BE1261E7760F000261B01 /* UserRequest.swift */; };
		D47BE12A1E77614C00261B01 /* User.swift in Sources */ = {isa = PBXBuildFile; fileRef = D47BE1291E77614C00261B01 /* User.swift */; };
		D48A007A1E6E618300468DE0 /* ufonts.com_gotham-book.ttf in Resources */ = {isa = PBXBuildFile; fileRef = D48A00781E6E618300468DE0 /* ufonts.com_gotham-book.ttf */; };
		D48A007B1E6E618300468DE0 /* ufonts.com_gotham-bold.ttf in Resources */ = {isa = PBXBuildFile; fileRef = D48A00791E6E618300468DE0 /* ufonts.com_gotham-bold.ttf */; };
		D4C65E101E760BDD00834122 /* Main.storyboard in Resources */ = {isa = PBXBuildFile; fileRef = D4C65E0F1E760BDD00834122 /* Main.storyboard */; };
		D4C65E121E760CE600834122 /* Benefits.storyboard in Resources */ = {isa = PBXBuildFile; fileRef = D4C65E111E760CE600834122 /* Benefits.storyboard */; };
		D4C65E141E760CFD00834122 /* Account.storyboard in Resources */ = {isa = PBXBuildFile; fileRef = D4C65E131E760CFD00834122 /* Account.storyboard */; };
		D4C65E161E760D3900834122 /* Notifications.storyboard in Resources */ = {isa = PBXBuildFile; fileRef = D4C65E151E760D3900834122 /* Notifications.storyboard */; };
		D4C65E191E760DCA00834122 /* BenefitViewController.swift in Sources */ = {isa = PBXBuildFile; fileRef = D4C65E181E760DCA00834122 /* BenefitViewController.swift */; };
		D4C65E1C1E760E5000834122 /* MyAccountViewController.swift in Sources */ = {isa = PBXBuildFile; fileRef = D4C65E1B1E760E5000834122 /* MyAccountViewController.swift */; };
		D4C65E1F1E760F1A00834122 /* NotificationViewController.swift in Sources */ = {isa = PBXBuildFile; fileRef = D4C65E1E1E760F1A00834122 /* NotificationViewController.swift */; };
		D4C65E231E76175D00834122 /* TabBarViewController.swift in Sources */ = {isa = PBXBuildFile; fileRef = D4C65E221E76175D00834122 /* TabBarViewController.swift */; };
		D4C65E271E761F9900834122 /* Profile.storyboard in Resources */ = {isa = PBXBuildFile; fileRef = D4C65E261E761F9900834122 /* Profile.storyboard */; };
		D4C65E2A1E761FAE00834122 /* ProfileViewController.swift in Sources */ = {isa = PBXBuildFile; fileRef = D4C65E291E761FAE00834122 /* ProfileViewController.swift */; };
		D4C65E2E1E76301900834122 /* UserInformationTableViewCell.swift in Sources */ = {isa = PBXBuildFile; fileRef = D4C65E2C1E76301900834122 /* UserInformationTableViewCell.swift */; };
		D4C65E2F1E76301900834122 /* UserInformationTableViewCell.xib in Resources */ = {isa = PBXBuildFile; fileRef = D4C65E2D1E76301900834122 /* UserInformationTableViewCell.xib */; };
		D4C65E311E76311B00834122 /* UITableViewCell+Utils.swift in Sources */ = {isa = PBXBuildFile; fileRef = D4C65E301E76311B00834122 /* UITableViewCell+Utils.swift */; };
		D4C65E351E76493C00834122 /* HeaderTableViewCell.swift in Sources */ = {isa = PBXBuildFile; fileRef = D4C65E331E76493C00834122 /* HeaderTableViewCell.swift */; };
		D4C65E361E76493C00834122 /* HeaderTableViewCell.xib in Resources */ = {isa = PBXBuildFile; fileRef = D4C65E341E76493C00834122 /* HeaderTableViewCell.xib */; };
		D4C65E391E764AC000834122 /* InformationDescriptionTableViewCell.swift in Sources */ = {isa = PBXBuildFile; fileRef = D4C65E371E764AC000834122 /* InformationDescriptionTableViewCell.swift */; };
		D4C65E3A1E764AC000834122 /* InformationDescriptionTableViewCell.xib in Resources */ = {isa = PBXBuildFile; fileRef = D4C65E381E764AC000834122 /* InformationDescriptionTableViewCell.xib */; };
		D4C65E3D1E764B8700834122 /* aleo-regular-webfont.ttf in Resources */ = {isa = PBXBuildFile; fileRef = D4C65E3C1E764B8700834122 /* aleo-regular-webfont.ttf */; };
		D4C65E401E7671F800834122 /* ContactInformationTableViewCell.swift in Sources */ = {isa = PBXBuildFile; fileRef = D4C65E3E1E7671F800834122 /* ContactInformationTableViewCell.swift */; };
		D4C65E411E7671F800834122 /* ContactInformationTableViewCell.xib in Resources */ = {isa = PBXBuildFile; fileRef = D4C65E3F1E7671F800834122 /* ContactInformationTableViewCell.xib */; };
		D4F39DDC1E6F766A00EA4728 /* Constants.swift in Sources */ = {isa = PBXBuildFile; fileRef = D4F39DDB1E6F766A00EA4728 /* Constants.swift */; };
/* End PBXBuildFile section */

/* Begin PBXContainerItemProxy section */
		A4F89B3B1DA809B100949A35 /* PBXContainerItemProxy */ = {
			isa = PBXContainerItemProxy;
			containerPortal = A4F89B1E1DA809B100949A35 /* Project object */;
			proxyType = 1;
			remoteGlobalIDString = A4F89B251DA809B100949A35;
			remoteInfo = SocialNetwork55Lab;
		};
/* End PBXContainerItemProxy section */

/* Begin PBXFileReference section */
		7F2D51D0C903269F104DD2E8 /* Pods-SocialNetwork55Lab.debug.xcconfig */ = {isa = PBXFileReference; includeInIndex = 1; lastKnownFileType = text.xcconfig; name = "Pods-SocialNetwork55Lab.debug.xcconfig"; path = "Pods/Target Support Files/Pods-SocialNetwork55Lab/Pods-SocialNetwork55Lab.debug.xcconfig"; sourceTree = "<group>"; };
		8072D6F2EC636560C10EDBAE /* Pods_SocialNetwork55Lab.framework */ = {isa = PBXFileReference; explicitFileType = wrapper.framework; includeInIndex = 0; path = Pods_SocialNetwork55Lab.framework; sourceTree = BUILT_PRODUCTS_DIR; };
		A40A25171DCB5C2C00DF9523 /* UIView+IBInspector.swift */ = {isa = PBXFileReference; fileEncoding = 4; lastKnownFileType = sourcecode.swift; path = "UIView+IBInspector.swift"; sourceTree = "<group>"; };
		A40A25191DCB681A00DF9523 /* UIView+Animations.swift */ = {isa = PBXFileReference; fileEncoding = 4; lastKnownFileType = sourcecode.swift; path = "UIView+Animations.swift"; sourceTree = "<group>"; };
		A40A252A1DCBD4C000DF9523 /* TimelineViewController.swift */ = {isa = PBXFileReference; fileEncoding = 4; lastKnownFileType = sourcecode.swift; path = TimelineViewController.swift; sourceTree = "<group>"; };
		A427680B1DD3A09D00363343 /* UIColorExtension.swift */ = {isa = PBXFileReference; fileEncoding = 4; lastKnownFileType = sourcecode.swift; path = UIColorExtension.swift; sourceTree = "<group>"; };
		A44967751DDA300100990008 /* DefaultsHelper.swift */ = {isa = PBXFileReference; fileEncoding = 4; lastKnownFileType = sourcecode.swift; path = DefaultsHelper.swift; sourceTree = "<group>"; };
		A44E0C5F1DD092650028F06C /* Montserrat-Black.otf */ = {isa = PBXFileReference; lastKnownFileType = file; path = "Montserrat-Black.otf"; sourceTree = "<group>"; };
		A44E0C601DD092650028F06C /* Montserrat-Bold.otf */ = {isa = PBXFileReference; lastKnownFileType = file; path = "Montserrat-Bold.otf"; sourceTree = "<group>"; };
		A44E0C611DD092650028F06C /* Montserrat-ExtraBold.otf */ = {isa = PBXFileReference; lastKnownFileType = file; path = "Montserrat-ExtraBold.otf"; sourceTree = "<group>"; };
		A44E0C621DD092650028F06C /* Montserrat-Hairline.otf */ = {isa = PBXFileReference; lastKnownFileType = file; path = "Montserrat-Hairline.otf"; sourceTree = "<group>"; };
		A44E0C631DD092650028F06C /* Montserrat-Light.otf */ = {isa = PBXFileReference; lastKnownFileType = file; path = "Montserrat-Light.otf"; sourceTree = "<group>"; };
		A44E0C641DD092650028F06C /* Montserrat-Regular.otf */ = {isa = PBXFileReference; lastKnownFileType = file; path = "Montserrat-Regular.otf"; sourceTree = "<group>"; };
		A44E0C651DD092650028F06C /* Montserrat-SemiBold.otf */ = {isa = PBXFileReference; lastKnownFileType = file; path = "Montserrat-SemiBold.otf"; sourceTree = "<group>"; };
		A44E0C661DD092650028F06C /* Montserrat-UltraLight.otf */ = {isa = PBXFileReference; lastKnownFileType = file; path = "Montserrat-UltraLight.otf"; sourceTree = "<group>"; };
		A489B1F61DDA7D1100B239D5 /* Authentication.storyboard */ = {isa = PBXFileReference; fileEncoding = 4; lastKnownFileType = file.storyboard; path = Authentication.storyboard; sourceTree = "<group>"; };
		A489B1F81DDA7D3E00B239D5 /* AuthenticationMainViewController.swift */ = {isa = PBXFileReference; fileEncoding = 4; lastKnownFileType = sourcecode.swift; path = AuthenticationMainViewController.swift; sourceTree = "<group>"; };
		A4AFBB011DD272A700F270C7 /* UIApplication+Navigation.swift */ = {isa = PBXFileReference; fileEncoding = 4; lastKnownFileType = sourcecode.swift; path = "UIApplication+Navigation.swift"; sourceTree = "<group>"; };
		A4AFBB0C1DD35D4600F270C7 /* Colors.swift */ = {isa = PBXFileReference; fileEncoding = 4; lastKnownFileType = sourcecode.swift; path = Colors.swift; sourceTree = "<group>"; };
		A4CB02661DD261B200B01A6B /* IconNavigationBar.xib */ = {isa = PBXFileReference; fileEncoding = 4; lastKnownFileType = file.xib; path = IconNavigationBar.xib; sourceTree = "<group>"; };
		A4CB02681DD261D900B01A6B /* IconNavigationBar.swift */ = {isa = PBXFileReference; fileEncoding = 4; lastKnownFileType = sourcecode.swift; path = IconNavigationBar.swift; sourceTree = "<group>"; };
		A4D5DA221DDEBC7900EB9EC5 /* URLS.swift */ = {isa = PBXFileReference; fileEncoding = 4; lastKnownFileType = sourcecode.swift; path = URLS.swift; sourceTree = "<group>"; };
		A4E462FC1DCAEAF800A611C0 /* Timeline.storyboard */ = {isa = PBXFileReference; fileEncoding = 4; lastKnownFileType = file.storyboard; name = Timeline.storyboard; path = Home/Interface/Timeline.storyboard; sourceTree = "<group>"; };
		A4E463031DCAEC4F00A611C0 /* Assets.xcassets */ = {isa = PBXFileReference; lastKnownFileType = folder.assetcatalog; path = Assets.xcassets; sourceTree = "<group>"; };
		A4F89B261DA809B100949A35 /* SocialNetwork55Lab.app */ = {isa = PBXFileReference; explicitFileType = wrapper.application; includeInIndex = 0; path = SocialNetwork55Lab.app; sourceTree = BUILT_PRODUCTS_DIR; };
		A4F89B291DA809B100949A35 /* AppDelegate.swift */ = {isa = PBXFileReference; lastKnownFileType = sourcecode.swift; path = AppDelegate.swift; sourceTree = "<group>"; };
		A4F89B331DA809B100949A35 /* Base */ = {isa = PBXFileReference; lastKnownFileType = file.storyboard; name = Base; path = Base.lproj/LaunchScreen.storyboard; sourceTree = "<group>"; };
		A4F89B351DA809B100949A35 /* Info.plist */ = {isa = PBXFileReference; lastKnownFileType = text.plist.xml; path = Info.plist; sourceTree = "<group>"; };
		A4F89B3A1DA809B100949A35 /* SocialNetwork55LabTests.xctest */ = {isa = PBXFileReference; explicitFileType = wrapper.cfbundle; includeInIndex = 0; path = SocialNetwork55LabTests.xctest; sourceTree = BUILT_PRODUCTS_DIR; };
		A4F89B3E1DA809B100949A35 /* SocialNetwork55LabTests.swift */ = {isa = PBXFileReference; lastKnownFileType = sourcecode.swift; path = SocialNetwork55LabTests.swift; sourceTree = "<group>"; };
		A4F89B401DA809B100949A35 /* Info.plist */ = {isa = PBXFileReference; lastKnownFileType = text.plist.xml; path = Info.plist; sourceTree = "<group>"; };
		A4FE063A1DD0A13E00BFDC4D /* Dictionary+Indexable.swift */ = {isa = PBXFileReference; fileEncoding = 4; lastKnownFileType = sourcecode.swift; path = "Dictionary+Indexable.swift"; sourceTree = "<group>"; };
		D42E1A8E1E6E802B004EDBD1 /* CreateAccountViewController.swift */ = {isa = PBXFileReference; fileEncoding = 4; lastKnownFileType = sourcecode.swift; path = CreateAccountViewController.swift; sourceTree = "<group>"; };
		D42E1A901E6E8054004EDBD1 /* LoginViewController.swift */ = {isa = PBXFileReference; fileEncoding = 4; lastKnownFileType = sourcecode.swift; path = LoginViewController.swift; sourceTree = "<group>"; };
		D42E1A921E6EEF9B004EDBD1 /* AuthenticationContainerViewController.swift */ = {isa = PBXFileReference; fileEncoding = 4; lastKnownFileType = sourcecode.swift; path = AuthenticationContainerViewController.swift; sourceTree = "<group>"; };
		D42E1A941E6F0437004EDBD1 /* ViewUtil.swift */ = {isa = PBXFileReference; fileEncoding = 4; lastKnownFileType = sourcecode.swift; path = ViewUtil.swift; sourceTree = "<group>"; };
		D42E1AC91E6F1921004EDBD1 /* AKMaskField.h */ = {isa = PBXFileReference; fileEncoding = 4; lastKnownFileType = sourcecode.c.h; path = AKMaskField.h; sourceTree = "<group>"; };
		D42E1ACA1E6F1921004EDBD1 /* AKMaskField.swift */ = {isa = PBXFileReference; fileEncoding = 4; lastKnownFileType = sourcecode.swift; path = AKMaskField.swift; sourceTree = "<group>"; };
		D42E1ACB1E6F1921004EDBD1 /* AKMaskFieldBlock.swift */ = {isa = PBXFileReference; fileEncoding = 4; lastKnownFileType = sourcecode.swift; path = AKMaskFieldBlock.swift; sourceTree = "<group>"; };
		D42E1ACC1E6F1921004EDBD1 /* AKMaskFieldBlockCharacter.swift */ = {isa = PBXFileReference; fileEncoding = 4; lastKnownFileType = sourcecode.swift; path = AKMaskFieldBlockCharacter.swift; sourceTree = "<group>"; };
		D42E1ACD1E6F1921004EDBD1 /* AKMaskFieldBrackets.swift */ = {isa = PBXFileReference; fileEncoding = 4; lastKnownFileType = sourcecode.swift; path = AKMaskFieldBrackets.swift; sourceTree = "<group>"; };
		D42E1ACE1E6F1921004EDBD1 /* AKMaskFieldEvent.swift */ = {isa = PBXFileReference; fileEncoding = 4; lastKnownFileType = sourcecode.swift; path = AKMaskFieldEvent.swift; sourceTree = "<group>"; };
		D42E1ACF1E6F1921004EDBD1 /* AKMaskFieldPatternCharacter.swift */ = {isa = PBXFileReference; fileEncoding = 4; lastKnownFileType = sourcecode.swift; path = AKMaskFieldPatternCharacter.swift; sourceTree = "<group>"; };
		D42E1AD01E6F1921004EDBD1 /* AKMaskFieldStatus.swift */ = {isa = PBXFileReference; fileEncoding = 4; lastKnownFileType = sourcecode.swift; path = AKMaskFieldStatus.swift; sourceTree = "<group>"; };
		D42E1AD11E6F1921004EDBD1 /* AKMaskFieldUtility.swift */ = {isa = PBXFileReference; fileEncoding = 4; lastKnownFileType = sourcecode.swift; path = AKMaskFieldUtility.swift; sourceTree = "<group>"; };
		D47BE1181E77266C00261B01 /* UserWorkCollectionViewCell.swift */ = {isa = PBXFileReference; fileEncoding = 4; lastKnownFileType = sourcecode.swift; path = UserWorkCollectionViewCell.swift; sourceTree = "<group>"; };
		D47BE1191E77266C00261B01 /* UserWorkCollectionViewCell.xib */ = {isa = PBXFileReference; fileEncoding = 4; lastKnownFileType = file.xib; path = UserWorkCollectionViewCell.xib; sourceTree = "<group>"; };
		D47BE11C1E7735FF00261B01 /* UserWorkTableViewCell.swift */ = {isa = PBXFileReference; fileEncoding = 4; lastKnownFileType = sourcecode.swift; path = UserWorkTableViewCell.swift; sourceTree = "<group>"; };
		D47BE11D1E7735FF00261B01 /* UserWorkTableViewCell.xib */ = {isa = PBXFileReference; fileEncoding = 4; lastKnownFileType = file.xib; path = UserWorkTableViewCell.xib; sourceTree = "<group>"; };
		D47BE1201E77394900261B01 /* UICollectionViewCell+Utils.swift */ = {isa = PBXFileReference; fileEncoding = 4; lastKnownFileType = sourcecode.swift; path = "UICollectionViewCell+Utils.swift"; sourceTree = "<group>"; };
		D47BE1231E7760B400261B01 /* ParseRequest.swift */ = {isa = PBXFileReference; fileEncoding = 4; lastKnownFileType = sourcecode.swift; path = ParseRequest.swift; sourceTree = "<group>"; };
		D47BE1261E7760F000261B01 /* UserRequest.swift */ = {isa = PBXFileReference; fileEncoding = 4; lastKnownFileType = sourcecode.swift; path = UserRequest.swift; sourceTree = "<group>"; };
		D47BE1291E77614C00261B01 /* User.swift */ = {isa = PBXFileReference; fileEncoding = 4; lastKnownFileType = sourcecode.swift; path = User.swift; sourceTree = "<group>"; };
		D48A00781E6E618300468DE0 /* ufonts.com_gotham-book.ttf */ = {isa = PBXFileReference; lastKnownFileType = file; path = "ufonts.com_gotham-book.ttf"; sourceTree = "<group>"; };
		D48A00791E6E618300468DE0 /* ufonts.com_gotham-bold.ttf */ = {isa = PBXFileReference; lastKnownFileType = file; path = "ufonts.com_gotham-bold.ttf"; sourceTree = "<group>"; };
		D4C65E0F1E760BDD00834122 /* Main.storyboard */ = {isa = PBXFileReference; fileEncoding = 4; lastKnownFileType = file.storyboard; path = Main.storyboard; sourceTree = "<group>"; };
		D4C65E111E760CE600834122 /* Benefits.storyboard */ = {isa = PBXFileReference; fileEncoding = 4; lastKnownFileType = file.storyboard; path = Benefits.storyboard; sourceTree = "<group>"; };
		D4C65E131E760CFD00834122 /* Account.storyboard */ = {isa = PBXFileReference; fileEncoding = 4; lastKnownFileType = file.storyboard; path = Account.storyboard; sourceTree = "<group>"; };
		D4C65E151E760D3900834122 /* Notifications.storyboard */ = {isa = PBXFileReference; fileEncoding = 4; lastKnownFileType = file.storyboard; path = Notifications.storyboard; sourceTree = "<group>"; };
		D4C65E181E760DCA00834122 /* BenefitViewController.swift */ = {isa = PBXFileReference; fileEncoding = 4; lastKnownFileType = sourcecode.swift; path = BenefitViewController.swift; sourceTree = "<group>"; };
		D4C65E1B1E760E5000834122 /* MyAccountViewController.swift */ = {isa = PBXFileReference; fileEncoding = 4; lastKnownFileType = sourcecode.swift; path = MyAccountViewController.swift; sourceTree = "<group>"; };
		D4C65E1E1E760F1A00834122 /* NotificationViewController.swift */ = {isa = PBXFileReference; fileEncoding = 4; lastKnownFileType = sourcecode.swift; path = NotificationViewController.swift; sourceTree = "<group>"; };
		D4C65E221E76175D00834122 /* TabBarViewController.swift */ = {isa = PBXFileReference; fileEncoding = 4; lastKnownFileType = sourcecode.swift; path = TabBarViewController.swift; sourceTree = "<group>"; };
		D4C65E261E761F9900834122 /* Profile.storyboard */ = {isa = PBXFileReference; fileEncoding = 4; lastKnownFileType = file.storyboard; path = Profile.storyboard; sourceTree = "<group>"; };
		D4C65E291E761FAE00834122 /* ProfileViewController.swift */ = {isa = PBXFileReference; fileEncoding = 4; lastKnownFileType = sourcecode.swift; path = ProfileViewController.swift; sourceTree = "<group>"; };
		D4C65E2C1E76301900834122 /* UserInformationTableViewCell.swift */ = {isa = PBXFileReference; fileEncoding = 4; lastKnownFileType = sourcecode.swift; path = UserInformationTableViewCell.swift; sourceTree = "<group>"; };
		D4C65E2D1E76301900834122 /* UserInformationTableViewCell.xib */ = {isa = PBXFileReference; fileEncoding = 4; lastKnownFileType = file.xib; path = UserInformationTableViewCell.xib; sourceTree = "<group>"; };
		D4C65E301E76311B00834122 /* UITableViewCell+Utils.swift */ = {isa = PBXFileReference; fileEncoding = 4; lastKnownFileType = sourcecode.swift; path = "UITableViewCell+Utils.swift"; sourceTree = "<group>"; };
		D4C65E331E76493C00834122 /* HeaderTableViewCell.swift */ = {isa = PBXFileReference; fileEncoding = 4; lastKnownFileType = sourcecode.swift; path = HeaderTableViewCell.swift; sourceTree = "<group>"; };
		D4C65E341E76493C00834122 /* HeaderTableViewCell.xib */ = {isa = PBXFileReference; fileEncoding = 4; lastKnownFileType = file.xib; path = HeaderTableViewCell.xib; sourceTree = "<group>"; };
		D4C65E371E764AC000834122 /* InformationDescriptionTableViewCell.swift */ = {isa = PBXFileReference; fileEncoding = 4; lastKnownFileType = sourcecode.swift; path = InformationDescriptionTableViewCell.swift; sourceTree = "<group>"; };
		D4C65E381E764AC000834122 /* InformationDescriptionTableViewCell.xib */ = {isa = PBXFileReference; fileEncoding = 4; lastKnownFileType = file.xib; path = InformationDescriptionTableViewCell.xib; sourceTree = "<group>"; };
		D4C65E3C1E764B8700834122 /* aleo-regular-webfont.ttf */ = {isa = PBXFileReference; lastKnownFileType = file; path = "aleo-regular-webfont.ttf"; sourceTree = "<group>"; };
		D4C65E3E1E7671F800834122 /* ContactInformationTableViewCell.swift */ = {isa = PBXFileReference; fileEncoding = 4; lastKnownFileType = sourcecode.swift; path = ContactInformationTableViewCell.swift; sourceTree = "<group>"; };
		D4C65E3F1E7671F800834122 /* ContactInformationTableViewCell.xib */ = {isa = PBXFileReference; fileEncoding = 4; lastKnownFileType = file.xib; path = ContactInformationTableViewCell.xib; sourceTree = "<group>"; };
		D4F39DDB1E6F766A00EA4728 /* Constants.swift */ = {isa = PBXFileReference; fileEncoding = 4; lastKnownFileType = sourcecode.swift; path = Constants.swift; sourceTree = "<group>"; };
		DAC9F1F42C53F856E6388C8B /* Pods-SocialNetwork55LabTests.release.xcconfig */ = {isa = PBXFileReference; includeInIndex = 1; lastKnownFileType = text.xcconfig; name = "Pods-SocialNetwork55LabTests.release.xcconfig"; path = "Pods/Target Support Files/Pods-SocialNetwork55LabTests/Pods-SocialNetwork55LabTests.release.xcconfig"; sourceTree = "<group>"; };
		E065D0D52171E0895AC7892E /* Pods_SocialNetwork55LabTests.framework */ = {isa = PBXFileReference; explicitFileType = wrapper.framework; includeInIndex = 0; path = Pods_SocialNetwork55LabTests.framework; sourceTree = BUILT_PRODUCTS_DIR; };
		E7F1611213A3F6E266EA5C74 /* Pods-SocialNetwork55LabTests.debug.xcconfig */ = {isa = PBXFileReference; includeInIndex = 1; lastKnownFileType = text.xcconfig; name = "Pods-SocialNetwork55LabTests.debug.xcconfig"; path = "Pods/Target Support Files/Pods-SocialNetwork55LabTests/Pods-SocialNetwork55LabTests.debug.xcconfig"; sourceTree = "<group>"; };
		E8ADFF12FFF89CE58DCB984D /* Pods-SocialNetwork55Lab.release.xcconfig */ = {isa = PBXFileReference; includeInIndex = 1; lastKnownFileType = text.xcconfig; name = "Pods-SocialNetwork55Lab.release.xcconfig"; path = "Pods/Target Support Files/Pods-SocialNetwork55Lab/Pods-SocialNetwork55Lab.release.xcconfig"; sourceTree = "<group>"; };
/* End PBXFileReference section */

/* Begin PBXFrameworksBuildPhase section */
		A4F89B231DA809B100949A35 /* Frameworks */ = {
			isa = PBXFrameworksBuildPhase;
			buildActionMask = 2147483647;
			files = (
				7954B93334819F6F989AFC94 /* Pods_SocialNetwork55Lab.framework in Frameworks */,
			);
			runOnlyForDeploymentPostprocessing = 0;
		};
		A4F89B371DA809B100949A35 /* Frameworks */ = {
			isa = PBXFrameworksBuildPhase;
			buildActionMask = 2147483647;
			files = (
				5EE56B7E45C08D9BBF9B9AED /* Pods_SocialNetwork55LabTests.framework in Frameworks */,
			);
			runOnlyForDeploymentPostprocessing = 0;
		};
/* End PBXFrameworksBuildPhase section */

/* Begin PBXGroup section */
		58033050B5318369A0EE3CDF /* Pods */ = {
			isa = PBXGroup;
			children = (
				7F2D51D0C903269F104DD2E8 /* Pods-SocialNetwork55Lab.debug.xcconfig */,
				E8ADFF12FFF89CE58DCB984D /* Pods-SocialNetwork55Lab.release.xcconfig */,
				E7F1611213A3F6E266EA5C74 /* Pods-SocialNetwork55LabTests.debug.xcconfig */,
				DAC9F1F42C53F856E6388C8B /* Pods-SocialNetwork55LabTests.release.xcconfig */,
			);
			name = Pods;
			sourceTree = "<group>";
		};
		A40A25291DCBD4B500DF9523 /* Controllers */ = {
			isa = PBXGroup;
			children = (
				A40A252A1DCBD4C000DF9523 /* TimelineViewController.swift */,
			);
			path = Controllers;
			sourceTree = "<group>";
		};
		A44E0C5D1DD092650028F06C /* Fonts */ = {
			isa = PBXGroup;
			children = (
				D4C65E3B1E764B7700834122 /* aleo */,
				D48A00771E6E604500468DE0 /* gotham */,
				A44E0C5E1DD092650028F06C /* montserrat  */,
			);
			path = Fonts;
			sourceTree = "<group>";
		};
		A44E0C5E1DD092650028F06C /* montserrat  */ = {
			isa = PBXGroup;
			children = (
				A44E0C5F1DD092650028F06C /* Montserrat-Black.otf */,
				A44E0C601DD092650028F06C /* Montserrat-Bold.otf */,
				A44E0C611DD092650028F06C /* Montserrat-ExtraBold.otf */,
				A44E0C621DD092650028F06C /* Montserrat-Hairline.otf */,
				A44E0C631DD092650028F06C /* Montserrat-Light.otf */,
				A44E0C641DD092650028F06C /* Montserrat-Regular.otf */,
				A44E0C651DD092650028F06C /* Montserrat-SemiBold.otf */,
				A44E0C661DD092650028F06C /* Montserrat-UltraLight.otf */,
			);
			path = "montserrat ";
			sourceTree = "<group>";
		};
		A489B1F31DDA7D0300B239D5 /* Authentication */ = {
			isa = PBXGroup;
			children = (
				D47BE1251E7760D100261B01 /* Request */,
				A489B1F41DDA7D0300B239D5 /* Controllers */,
				A489B1F51DDA7D0300B239D5 /* Interface */,
			);
			path = Authentication;
			sourceTree = "<group>";
		};
		A489B1F41DDA7D0300B239D5 /* Controllers */ = {
			isa = PBXGroup;
			children = (
				A489B1F81DDA7D3E00B239D5 /* AuthenticationMainViewController.swift */,
				D42E1A8E1E6E802B004EDBD1 /* CreateAccountViewController.swift */,
				D42E1A901E6E8054004EDBD1 /* LoginViewController.swift */,
				D42E1A921E6EEF9B004EDBD1 /* AuthenticationContainerViewController.swift */,
			);
			path = Controllers;
			sourceTree = "<group>";
		};
		A489B1F51DDA7D0300B239D5 /* Interface */ = {
			isa = PBXGroup;
			children = (
				A489B1F61DDA7D1100B239D5 /* Authentication.storyboard */,
			);
			path = Interface;
			sourceTree = "<group>";
		};
		A4CB02651DD261B200B01A6B /* NavigationBar */ = {
			isa = PBXGroup;
			children = (
				A4CB02661DD261B200B01A6B /* IconNavigationBar.xib */,
				A4CB02681DD261D900B01A6B /* IconNavigationBar.swift */,
			);
			path = NavigationBar;
			sourceTree = "<group>";
		};
		A4E462E71DCAEA7F00A611C0 /* ViewControllers */ = {
			isa = PBXGroup;
			children = (
				D4C65E241E761F8500834122 /* Profile */,
				D4C65E1D1E760F0D00834122 /* Notifications */,
				D4C65E1A1E760E3E00834122 /* Account */,
				D4C65E171E760D9D00834122 /* Benefits */,
				D4C65E0E1E760BA200834122 /* TabBar */,
				D42E1AF31E6F73BD004EDBD1 /* Frameworks */,
				A489B1F31DDA7D0300B239D5 /* Authentication */,
				A4E462EA1DCAEA7F00A611C0 /* Timeline */,
			);
			path = ViewControllers;
			sourceTree = "<group>";
		};
		A4E462EA1DCAEA7F00A611C0 /* Timeline */ = {
			isa = PBXGroup;
			children = (
				A4FE062A1DD0954400BFDC4D /* Views */,
				A40A25291DCBD4B500DF9523 /* Controllers */,
				A4E462EB1DCAEA7F00A611C0 /* Interface */,
			);
			name = Timeline;
			path = Home;
			sourceTree = "<group>";
		};
		A4E462EB1DCAEA7F00A611C0 /* Interface */ = {
			isa = PBXGroup;
			children = (
			);
			path = Interface;
			sourceTree = "<group>";
		};
		A4E462F41DCAEAC200A611C0 /* Constants */ = {
			isa = PBXGroup;
			children = (
				A4AFBB0C1DD35D4600F270C7 /* Colors.swift */,
				A4D5DA221DDEBC7900EB9EC5 /* URLS.swift */,
				D4F39DDB1E6F766A00EA4728 /* Constants.swift */,
			);
			path = Constants;
			sourceTree = "<group>";
		};
		A4E462F51DCAEAC200A611C0 /* Extensions */ = {
			isa = PBXGroup;
			children = (
				A4CB02651DD261B200B01A6B /* NavigationBar */,
				A40A25191DCB681A00DF9523 /* UIView+Animations.swift */,
				A40A25171DCB5C2C00DF9523 /* UIView+IBInspector.swift */,
				A4AFBB011DD272A700F270C7 /* UIApplication+Navigation.swift */,
				D42E1A941E6F0437004EDBD1 /* ViewUtil.swift */,
				A4FE063A1DD0A13E00BFDC4D /* Dictionary+Indexable.swift */,
				A427680B1DD3A09D00363343 /* UIColorExtension.swift */,
				D4C65E301E76311B00834122 /* UITableViewCell+Utils.swift */,
				D47BE1201E77394900261B01 /* UICollectionViewCell+Utils.swift */,
			);
			path = Extensions;
			sourceTree = "<group>";
		};
		A4E462F61DCAEAC200A611C0 /* Persistence */ = {
			isa = PBXGroup;
			children = (
				A4FE06371DD09D6400BFDC4D /* Models */,
				A4E462F71DCAEAC200A611C0 /* Local */,
				A4E462F81DCAEAC200A611C0 /* Requests */,
			);
			path = Persistence;
			sourceTree = "<group>";
		};
		A4E462F71DCAEAC200A611C0 /* Local */ = {
			isa = PBXGroup;
			children = (
				A44967751DDA300100990008 /* DefaultsHelper.swift */,
			);
			path = Local;
			sourceTree = "<group>";
		};
		A4E462F81DCAEAC200A611C0 /* Requests */ = {
			isa = PBXGroup;
			children = (
			);
			path = Requests;
			sourceTree = "<group>";
		};
		A4E462F91DCAEAC200A611C0 /* Vendor */ = {
			isa = PBXGroup;
			children = (
			);
			path = Vendor;
			sourceTree = "<group>";
		};
		A4E463021DCAEC4F00A611C0 /* Resources */ = {
			isa = PBXGroup;
			children = (
				A44E0C5D1DD092650028F06C /* Fonts */,
				A4E463031DCAEC4F00A611C0 /* Assets.xcassets */,
			);
			path = Resources;
			sourceTree = "<group>";
		};
		A4F89B1D1DA809B100949A35 = {
			isa = PBXGroup;
			children = (
				A4F89B281DA809B100949A35 /* SocialNetwork55Lab */,
				A4F89B3D1DA809B100949A35 /* SocialNetwork55LabTests */,
				A4F89B271DA809B100949A35 /* Products */,
				58033050B5318369A0EE3CDF /* Pods */,
				D1C85340B3E7AD0DA6B8F3C8 /* Frameworks */,
			);
			sourceTree = "<group>";
		};
		A4F89B271DA809B100949A35 /* Products */ = {
			isa = PBXGroup;
			children = (
				A4F89B261DA809B100949A35 /* SocialNetwork55Lab.app */,
				A4F89B3A1DA809B100949A35 /* SocialNetwork55LabTests.xctest */,
			);
			name = Products;
			sourceTree = "<group>";
		};
		A4F89B281DA809B100949A35 /* SocialNetwork55Lab */ = {
			isa = PBXGroup;
			children = (
				D47BE1221E77609100261B01 /* Request */,
				A4E462F41DCAEAC200A611C0 /* Constants */,
				A4E462F51DCAEAC200A611C0 /* Extensions */,
				A4E462F61DCAEAC200A611C0 /* Persistence */,
				A4E463021DCAEC4F00A611C0 /* Resources */,
				A4E462F91DCAEAC200A611C0 /* Vendor */,
				A4E462E71DCAEA7F00A611C0 /* ViewControllers */,
				A4F89B291DA809B100949A35 /* AppDelegate.swift */,
				A4F89B321DA809B100949A35 /* LaunchScreen.storyboard */,
				A4F89B351DA809B100949A35 /* Info.plist */,
			);
			path = SocialNetwork55Lab;
			sourceTree = "<group>";
		};
		A4F89B3D1DA809B100949A35 /* SocialNetwork55LabTests */ = {
			isa = PBXGroup;
			children = (
				A4F89B3E1DA809B100949A35 /* SocialNetwork55LabTests.swift */,
				A4F89B401DA809B100949A35 /* Info.plist */,
			);
			path = SocialNetwork55LabTests;
			sourceTree = "<group>";
		};
		A4FE062A1DD0954400BFDC4D /* Views */ = {
			isa = PBXGroup;
			children = (
			);
			name = Views;
			path = Cells;
			sourceTree = "<group>";
		};
		A4FE06371DD09D6400BFDC4D /* Models */ = {
			isa = PBXGroup;
			children = (
			);
			path = Models;
			sourceTree = "<group>";
		};
		D1C85340B3E7AD0DA6B8F3C8 /* Frameworks */ = {
			isa = PBXGroup;
			children = (
				8072D6F2EC636560C10EDBAE /* Pods_SocialNetwork55Lab.framework */,
				E065D0D52171E0895AC7892E /* Pods_SocialNetwork55LabTests.framework */,
			);
			name = Frameworks;
			sourceTree = "<group>";
		};
		D42E1AF31E6F73BD004EDBD1 /* Frameworks */ = {
			isa = PBXGroup;
			children = (
				D42E1AC91E6F1921004EDBD1 /* AKMaskField.h */,
				D42E1ACA1E6F1921004EDBD1 /* AKMaskField.swift */,
				D42E1ACB1E6F1921004EDBD1 /* AKMaskFieldBlock.swift */,
				D42E1ACC1E6F1921004EDBD1 /* AKMaskFieldBlockCharacter.swift */,
				D42E1ACD1E6F1921004EDBD1 /* AKMaskFieldBrackets.swift */,
				D42E1ACE1E6F1921004EDBD1 /* AKMaskFieldEvent.swift */,
				D42E1ACF1E6F1921004EDBD1 /* AKMaskFieldPatternCharacter.swift */,
				D42E1AD01E6F1921004EDBD1 /* AKMaskFieldStatus.swift */,
				D42E1AD11E6F1921004EDBD1 /* AKMaskFieldUtility.swift */,
			);
			name = Frameworks;
			sourceTree = "<group>";
		};
		D47BE1221E77609100261B01 /* Request */ = {
			isa = PBXGroup;
			children = (
				D47BE1231E7760B400261B01 /* ParseRequest.swift */,
			);
			name = Request;
			sourceTree = "<group>";
		};
		D47BE1251E7760D100261B01 /* Request */ = {
			isa = PBXGroup;
			children = (
				D47BE1261E7760F000261B01 /* UserRequest.swift */,
			);
			name = Request;
			sourceTree = "<group>";
		};
		D47BE1281E77610800261B01 /* Model */ = {
			isa = PBXGroup;
			children = (
				D47BE1291E77614C00261B01 /* User.swift */,
			);
			name = Model;
			sourceTree = "<group>";
		};
		D48A00771E6E604500468DE0 /* gotham */ = {
			isa = PBXGroup;
			children = (
				D48A00781E6E618300468DE0 /* ufonts.com_gotham-book.ttf */,
				D48A00791E6E618300468DE0 /* ufonts.com_gotham-bold.ttf */,
			);
			name = gotham;
			sourceTree = "<group>";
		};
		D4C65E0E1E760BA200834122 /* TabBar */ = {
			isa = PBXGroup;
			children = (
				D4C65E211E76174A00834122 /* Controller */,
				D4C65E201E76174100834122 /* Interface */,
			);
			name = TabBar;
			sourceTree = "<group>";
		};
		D4C65E171E760D9D00834122 /* Benefits */ = {
			isa = PBXGroup;
			children = (
				D4C65E181E760DCA00834122 /* BenefitViewController.swift */,
			);
			name = Benefits;
			sourceTree = "<group>";
		};
		D4C65E1A1E760E3E00834122 /* Account */ = {
			isa = PBXGroup;
			children = (
				D4C65E1B1E760E5000834122 /* MyAccountViewController.swift */,
			);
			name = Account;
			sourceTree = "<group>";
		};
		D4C65E1D1E760F0D00834122 /* Notifications */ = {
			isa = PBXGroup;
			children = (
				D4C65E1E1E760F1A00834122 /* NotificationViewController.swift */,
			);
			name = Notifications;
			sourceTree = "<group>";
		};
		D4C65E201E76174100834122 /* Interface */ = {
			isa = PBXGroup;
			children = (
				D4C65E0F1E760BDD00834122 /* Main.storyboard */,
				D4C65E111E760CE600834122 /* Benefits.storyboard */,
				D4C65E131E760CFD00834122 /* Account.storyboard */,
				D4C65E151E760D3900834122 /* Notifications.storyboard */,
				A4E462FC1DCAEAF800A611C0 /* Timeline.storyboard */,
			);
			name = Interface;
			sourceTree = "<group>";
		};
		D4C65E211E76174A00834122 /* Controller */ = {
			isa = PBXGroup;
			children = (
				D4C65E221E76175D00834122 /* TabBarViewController.swift */,
			);
			name = Controller;
			sourceTree = "<group>";
		};
		D4C65E241E761F8500834122 /* Profile */ = {
			isa = PBXGroup;
			children = (
				D47BE1281E77610800261B01 /* Model */,
				D4C65E281E761F9F00834122 /* Controller */,
				D4C65E2B1E762FDC00834122 /* Cells */,
				D4C65E251E761F8F00834122 /* Interface */,
			);
			name = Profile;
			sourceTree = "<group>";
		};
		D4C65E251E761F8F00834122 /* Interface */ = {
			isa = PBXGroup;
			children = (
				D4C65E261E761F9900834122 /* Profile.storyboard */,
			);
			name = Interface;
			sourceTree = "<group>";
		};
		D4C65E281E761F9F00834122 /* Controller */ = {
			isa = PBXGroup;
			children = (
				D4C65E291E761FAE00834122 /* ProfileViewController.swift */,
			);
			name = Controller;
			sourceTree = "<group>";
		};
		D4C65E2B1E762FDC00834122 /* Cells */ = {
			isa = PBXGroup;
			children = (
				D4C65E321E76490700834122 /* Headers */,
				D4C65E2C1E76301900834122 /* UserInformationTableViewCell.swift */,
				D4C65E2D1E76301900834122 /* UserInformationTableViewCell.xib */,
				D4C65E371E764AC000834122 /* InformationDescriptionTableViewCell.swift */,
				D4C65E381E764AC000834122 /* InformationDescriptionTableViewCell.xib */,
				D4C65E3E1E7671F800834122 /* ContactInformationTableViewCell.swift */,
				D4C65E3F1E7671F800834122 /* ContactInformationTableViewCell.xib */,
				D47BE1181E77266C00261B01 /* UserWorkCollectionViewCell.swift */,
				D47BE1191E77266C00261B01 /* UserWorkCollectionViewCell.xib */,
				D47BE11C1E7735FF00261B01 /* UserWorkTableViewCell.swift */,
				D47BE11D1E7735FF00261B01 /* UserWorkTableViewCell.xib */,
			);
			name = Cells;
			sourceTree = "<group>";
		};
		D4C65E321E76490700834122 /* Headers */ = {
			isa = PBXGroup;
			children = (
				D4C65E331E76493C00834122 /* HeaderTableViewCell.swift */,
				D4C65E341E76493C00834122 /* HeaderTableViewCell.xib */,
			);
			name = Headers;
			sourceTree = "<group>";
		};
		D4C65E3B1E764B7700834122 /* aleo */ = {
			isa = PBXGroup;
			children = (
				D4C65E3C1E764B8700834122 /* aleo-regular-webfont.ttf */,
			);
			name = aleo;
			sourceTree = "<group>";
		};
/* End PBXGroup section */

/* Begin PBXNativeTarget section */
		A4F89B251DA809B100949A35 /* SocialNetwork55Lab */ = {
			isa = PBXNativeTarget;
			buildConfigurationList = A4F89B431DA809B100949A35 /* Build configuration list for PBXNativeTarget "SocialNetwork55Lab" */;
			buildPhases = (
				017B5BE3500C880D69A33353 /* [CP] Check Pods Manifest.lock */,
				A4F89B221DA809B100949A35 /* Sources */,
				A4F89B231DA809B100949A35 /* Frameworks */,
				A4F89B241DA809B100949A35 /* Resources */,
				A4F89B491DA80A0F00949A35 /* Adding tags to comment */,
				A4B5CAA91DA811DB003260BA /* Fabric */,
				07D4CAFF627B2AC5BC4338AE /* [CP] Embed Pods Frameworks */,
				E23B0ABC2F1AE2E2961736DE /* [CP] Copy Pods Resources */,
			);
			buildRules = (
			);
			dependencies = (
			);
			name = SocialNetwork55Lab;
			productName = SocialNetwork55Lab;
			productReference = A4F89B261DA809B100949A35 /* SocialNetwork55Lab.app */;
			productType = "com.apple.product-type.application";
		};
		A4F89B391DA809B100949A35 /* SocialNetwork55LabTests */ = {
			isa = PBXNativeTarget;
			buildConfigurationList = A4F89B461DA809B100949A35 /* Build configuration list for PBXNativeTarget "SocialNetwork55LabTests" */;
			buildPhases = (
				2D521AD80B313A3889EE2C50 /* [CP] Check Pods Manifest.lock */,
				A4F89B361DA809B100949A35 /* Sources */,
				A4F89B371DA809B100949A35 /* Frameworks */,
				A4F89B381DA809B100949A35 /* Resources */,
				5AB331DF6C5B7A2CDAF97110 /* [CP] Embed Pods Frameworks */,
				466954ACF1BCDDB8B5EB8415 /* [CP] Copy Pods Resources */,
			);
			buildRules = (
			);
			dependencies = (
				A4F89B3C1DA809B100949A35 /* PBXTargetDependency */,
			);
			name = SocialNetwork55LabTests;
			productName = SocialNetwork55LabTests;
			productReference = A4F89B3A1DA809B100949A35 /* SocialNetwork55LabTests.xctest */;
			productType = "com.apple.product-type.bundle.unit-test";
		};
/* End PBXNativeTarget section */

/* Begin PBXProject section */
		A4F89B1E1DA809B100949A35 /* Project object */ = {
			isa = PBXProject;
			attributes = {
				LastSwiftUpdateCheck = 0800;
				LastUpgradeCheck = 0810;
				ORGANIZATIONNAME = Lab262;
				TargetAttributes = {
					A4F89B251DA809B100949A35 = {
						CreatedOnToolsVersion = 8.0;
						DevelopmentTeam = B865ENT4P3;
						LastSwiftMigration = 0810;
						ProvisioningStyle = Automatic;
					};
					A4F89B391DA809B100949A35 = {
						CreatedOnToolsVersion = 8.0;
						DevelopmentTeam = B865ENT4P3;
						ProvisioningStyle = Automatic;
						TestTargetID = A4F89B251DA809B100949A35;
					};
				};
			};
			buildConfigurationList = A4F89B211DA809B100949A35 /* Build configuration list for PBXProject "SocialNetwork55Lab" */;
			compatibilityVersion = "Xcode 3.2";
			developmentRegion = English;
			hasScannedForEncodings = 0;
			knownRegions = (
				en,
				Base,
			);
			mainGroup = A4F89B1D1DA809B100949A35;
			productRefGroup = A4F89B271DA809B100949A35 /* Products */;
			projectDirPath = "";
			projectRoot = "";
			targets = (
				A4F89B251DA809B100949A35 /* SocialNetwork55Lab */,
				A4F89B391DA809B100949A35 /* SocialNetwork55LabTests */,
			);
		};
/* End PBXProject section */

/* Begin PBXResourcesBuildPhase section */
		A4F89B241DA809B100949A35 /* Resources */ = {
			isa = PBXResourcesBuildPhase;
			buildActionMask = 2147483647;
			files = (
				A44E0C691DD092650028F06C /* Montserrat-ExtraBold.otf in Resources */,
				D4C65E411E7671F800834122 /* ContactInformationTableViewCell.xib in Resources */,
				A44E0C6D1DD092650028F06C /* Montserrat-SemiBold.otf in Resources */,
				D4C65E271E761F9900834122 /* Profile.storyboard in Resources */,
				A4CB02671DD261B200B01A6B /* IconNavigationBar.xib in Resources */,
				A489B1F71DDA7D1100B239D5 /* Authentication.storyboard in Resources */,
				D4C65E121E760CE600834122 /* Benefits.storyboard in Resources */,
				D4C65E361E76493C00834122 /* HeaderTableViewCell.xib in Resources */,
				D47BE11B1E77266C00261B01 /* UserWorkCollectionViewCell.xib in Resources */,
				A44E0C6A1DD092650028F06C /* Montserrat-Hairline.otf in Resources */,
				D48A007A1E6E618300468DE0 /* ufonts.com_gotham-book.ttf in Resources */,
				D4C65E161E760D3900834122 /* Notifications.storyboard in Resources */,
				D4C65E2F1E76301900834122 /* UserInformationTableViewCell.xib in Resources */,
				D47BE11F1E7735FF00261B01 /* UserWorkTableViewCell.xib in Resources */,
				A44E0C6E1DD092650028F06C /* Montserrat-UltraLight.otf in Resources */,
				A4E462FD1DCAEAF800A611C0 /* Timeline.storyboard in Resources */,
				D4C65E3A1E764AC000834122 /* InformationDescriptionTableViewCell.xib in Resources */,
				A44E0C6C1DD092650028F06C /* Montserrat-Regular.otf in Resources */,
				A44E0C671DD092650028F06C /* Montserrat-Black.otf in Resources */,
				A4E463041DCAEC4F00A611C0 /* Assets.xcassets in Resources */,
				D4C65E101E760BDD00834122 /* Main.storyboard in Resources */,
				A4F89B341DA809B100949A35 /* LaunchScreen.storyboard in Resources */,
				D48A007B1E6E618300468DE0 /* ufonts.com_gotham-bold.ttf in Resources */,
				A44E0C681DD092650028F06C /* Montserrat-Bold.otf in Resources */,
				D4C65E141E760CFD00834122 /* Account.storyboard in Resources */,
				D4C65E3D1E764B8700834122 /* aleo-regular-webfont.ttf in Resources */,
				A44E0C6B1DD092650028F06C /* Montserrat-Light.otf in Resources */,
			);
			runOnlyForDeploymentPostprocessing = 0;
		};
		A4F89B381DA809B100949A35 /* Resources */ = {
			isa = PBXResourcesBuildPhase;
			buildActionMask = 2147483647;
			files = (
			);
			runOnlyForDeploymentPostprocessing = 0;
		};
/* End PBXResourcesBuildPhase section */

/* Begin PBXShellScriptBuildPhase section */
		017B5BE3500C880D69A33353 /* [CP] Check Pods Manifest.lock */ = {
			isa = PBXShellScriptBuildPhase;
			buildActionMask = 2147483647;
			files = (
			);
			inputPaths = (
			);
			name = "[CP] Check Pods Manifest.lock";
			outputPaths = (
			);
			runOnlyForDeploymentPostprocessing = 0;
			shellPath = /bin/sh;
			shellScript = "diff \"${PODS_ROOT}/../Podfile.lock\" \"${PODS_ROOT}/Manifest.lock\" > /dev/null\nif [ $? != 0 ] ; then\n    # print error to STDERR\n    echo \"error: The sandbox is not in sync with the Podfile.lock. Run 'pod install' or update your CocoaPods installation.\" >&2\n    exit 1\nfi\n";
			showEnvVarsInLog = 0;
		};
		07D4CAFF627B2AC5BC4338AE /* [CP] Embed Pods Frameworks */ = {
			isa = PBXShellScriptBuildPhase;
			buildActionMask = 2147483647;
			files = (
			);
			inputPaths = (
			);
			name = "[CP] Embed Pods Frameworks";
			outputPaths = (
			);
			runOnlyForDeploymentPostprocessing = 0;
			shellPath = /bin/sh;
			shellScript = "\"${SRCROOT}/Pods/Target Support Files/Pods-SocialNetwork55Lab/Pods-SocialNetwork55Lab-frameworks.sh\"\n";
			showEnvVarsInLog = 0;
		};
		2D521AD80B313A3889EE2C50 /* [CP] Check Pods Manifest.lock */ = {
			isa = PBXShellScriptBuildPhase;
			buildActionMask = 2147483647;
			files = (
			);
			inputPaths = (
			);
			name = "[CP] Check Pods Manifest.lock";
			outputPaths = (
			);
			runOnlyForDeploymentPostprocessing = 0;
			shellPath = /bin/sh;
			shellScript = "diff \"${PODS_ROOT}/../Podfile.lock\" \"${PODS_ROOT}/Manifest.lock\" > /dev/null\nif [ $? != 0 ] ; then\n    # print error to STDERR\n    echo \"error: The sandbox is not in sync with the Podfile.lock. Run 'pod install' or update your CocoaPods installation.\" >&2\n    exit 1\nfi\n";
			showEnvVarsInLog = 0;
		};
		466954ACF1BCDDB8B5EB8415 /* [CP] Copy Pods Resources */ = {
			isa = PBXShellScriptBuildPhase;
			buildActionMask = 2147483647;
			files = (
			);
			inputPaths = (
			);
			name = "[CP] Copy Pods Resources";
			outputPaths = (
			);
			runOnlyForDeploymentPostprocessing = 0;
			shellPath = /bin/sh;
			shellScript = "\"${SRCROOT}/Pods/Target Support Files/Pods-SocialNetwork55LabTests/Pods-SocialNetwork55LabTests-resources.sh\"\n";
			showEnvVarsInLog = 0;
		};
		5AB331DF6C5B7A2CDAF97110 /* [CP] Embed Pods Frameworks */ = {
			isa = PBXShellScriptBuildPhase;
			buildActionMask = 2147483647;
			files = (
			);
			inputPaths = (
			);
			name = "[CP] Embed Pods Frameworks";
			outputPaths = (
			);
			runOnlyForDeploymentPostprocessing = 0;
			shellPath = /bin/sh;
			shellScript = "\"${SRCROOT}/Pods/Target Support Files/Pods-SocialNetwork55LabTests/Pods-SocialNetwork55LabTests-frameworks.sh\"\n";
			showEnvVarsInLog = 0;
		};
		A4B5CAA91DA811DB003260BA /* Fabric */ = {
			isa = PBXShellScriptBuildPhase;
			buildActionMask = 8;
			files = (
			);
			inputPaths = (
			);
			name = Fabric;
			outputPaths = (
			);
			runOnlyForDeploymentPostprocessing = 1;
			shellPath = /bin/sh;
			shellScript = "${PODS_ROOT}/Fabric/run 2e1985f6065c4886c2f4320a20fb61e3c4323688 d2624afd5979642eef8ae5ce2ae3ee1eb86983da95e3c602e865668bb7b4bf8b";
		};
		A4F89B491DA80A0F00949A35 /* Adding tags to comment */ = {
			isa = PBXShellScriptBuildPhase;
			buildActionMask = 8;
			files = (
			);
			inputPaths = (
			);
			name = "Adding tags to comment";
			outputPaths = (
			);
			runOnlyForDeploymentPostprocessing = 1;
			shellPath = /bin/sh;
			shellScript = "#http://krakendev.io/blog/generating-warnings-in-xcode\n#http://stackoverflow.com/questions/24183812/swift-warning-equivalent\nTAGS=\"TODO:\"\necho \"searching ${SRCROOT/Humagine} for ${TAGS}\"\nfind \"${SRCROOT/Humagine}\" \\( -name \"*.swift\" \\) -type f -print0 | xargs -0 egrep --with-filename --line-number --only-matching \"($TAGS).*\\$\" | perl -p -e \"s/($TAGS)/ warning: \\$1/\"\n";
		};
		E23B0ABC2F1AE2E2961736DE /* [CP] Copy Pods Resources */ = {
			isa = PBXShellScriptBuildPhase;
			buildActionMask = 2147483647;
			files = (
			);
			inputPaths = (
			);
			name = "[CP] Copy Pods Resources";
			outputPaths = (
			);
			runOnlyForDeploymentPostprocessing = 0;
			shellPath = /bin/sh;
			shellScript = "\"${SRCROOT}/Pods/Target Support Files/Pods-SocialNetwork55Lab/Pods-SocialNetwork55Lab-resources.sh\"\n";
			showEnvVarsInLog = 0;
		};
/* End PBXShellScriptBuildPhase section */

/* Begin PBXSourcesBuildPhase section */
		A4F89B221DA809B100949A35 /* Sources */ = {
			isa = PBXSourcesBuildPhase;
			buildActionMask = 2147483647;
			files = (
				D4F39DDC1E6F766A00EA4728 /* Constants.swift in Sources */,
				D42E1ADA1E6F1921004EDBD1 /* AKMaskFieldEvent.swift in Sources */,
				D42E1A911E6E8054004EDBD1 /* LoginViewController.swift in Sources */,
				A4CB02691DD261D900B01A6B /* IconNavigationBar.swift in Sources */,
				D42E1ADE1E6F1921004EDBD1 /* AKMaskFieldStatus.swift in Sources */,
				D4C65E391E764AC000834122 /* InformationDescriptionTableViewCell.swift in Sources */,
				D42E1A951E6F0437004EDBD1 /* ViewUtil.swift in Sources */,
				A4F89B2A1DA809B100949A35 /* AppDelegate.swift in Sources */,
				D47BE1241E7760B400261B01 /* ParseRequest.swift in Sources */,
				D42E1AD41E6F1921004EDBD1 /* AKMaskFieldBlock.swift in Sources */,
				D4C65E1C1E760E5000834122 /* MyAccountViewController.swift in Sources */,
				D4C65E191E760DCA00834122 /* BenefitViewController.swift in Sources */,
				D4C65E1F1E760F1A00834122 /* NotificationViewController.swift in Sources */,
				A4AFBB021DD272A700F270C7 /* UIApplication+Navigation.swift in Sources */,
				D4C65E2A1E761FAE00834122 /* ProfileViewController.swift in Sources */,
				A40A251A1DCB681A00DF9523 /* UIView+Animations.swift in Sources */,
				A44967761DDA300100990008 /* DefaultsHelper.swift in Sources */,
				D47BE11A1E77266C00261B01 /* UserWorkCollectionViewCell.swift in Sources */,
				D47BE12A1E77614C00261B01 /* User.swift in Sources */,
				D42E1ADC1E6F1921004EDBD1 /* AKMaskFieldPatternCharacter.swift in Sources */,
				D4C65E351E76493C00834122 /* HeaderTableViewCell.swift in Sources */,
				D42E1AE01E6F1921004EDBD1 /* AKMaskFieldUtility.swift in Sources */,
				D47BE1211E77394900261B01 /* UICollectionViewCell+Utils.swift in Sources */,
				D42E1A8F1E6E802B004EDBD1 /* CreateAccountViewController.swift in Sources */,
				D42E1A931E6EEF9B004EDBD1 /* AuthenticationContainerViewController.swift in Sources */,
				D4C65E311E76311B00834122 /* UITableViewCell+Utils.swift in Sources */,
				D4C65E231E76175D00834122 /* TabBarViewController.swift in Sources */,
				A40A252B1DCBD4C000DF9523 /* TimelineViewController.swift in Sources */,
				D47BE11E1E7735FF00261B01 /* UserWorkTableViewCell.swift in Sources */,
				D47BE1271E7760F000261B01 /* UserRequest.swift in Sources */,
				D42E1AD81E6F1921004EDBD1 /* AKMaskFieldBrackets.swift in Sources */,
				A4AFBB0D1DD35D4600F270C7 /* Colors.swift in Sources */,
				D42E1AD61E6F1921004EDBD1 /* AKMaskFieldBlockCharacter.swift in Sources */,
				D4C65E401E7671F800834122 /* ContactInformationTableViewCell.swift in Sources */,
				A4D5DA231DDEBC7900EB9EC5 /* URLS.swift in Sources */,
				A4FE063B1DD0A13E00BFDC4D /* Dictionary+Indexable.swift in Sources */,
				D4C65E2E1E76301900834122 /* UserInformationTableViewCell.swift in Sources */,
				D42E1AD21E6F1921004EDBD1 /* AKMaskField.swift in Sources */,
				A427680C1DD3A09D00363343 /* UIColorExtension.swift in Sources */,
				A489B1F91DDA7D3E00B239D5 /* AuthenticationMainViewController.swift in Sources */,
				A40A25181DCB5C2C00DF9523 /* UIView+IBInspector.swift in Sources */,
			);
			runOnlyForDeploymentPostprocessing = 0;
		};
		A4F89B361DA809B100949A35 /* Sources */ = {
			isa = PBXSourcesBuildPhase;
			buildActionMask = 2147483647;
			files = (
				D42E1AD31E6F1921004EDBD1 /* AKMaskField.swift in Sources */,
				D42E1AD91E6F1921004EDBD1 /* AKMaskFieldBrackets.swift in Sources */,
				D42E1ADF1E6F1921004EDBD1 /* AKMaskFieldStatus.swift in Sources */,
				D42E1AD51E6F1921004EDBD1 /* AKMaskFieldBlock.swift in Sources */,
				D42E1ADD1E6F1921004EDBD1 /* AKMaskFieldPatternCharacter.swift in Sources */,
				D42E1AE11E6F1921004EDBD1 /* AKMaskFieldUtility.swift in Sources */,
				D42E1ADB1E6F1921004EDBD1 /* AKMaskFieldEvent.swift in Sources */,
				D42E1AD71E6F1921004EDBD1 /* AKMaskFieldBlockCharacter.swift in Sources */,
				A4F89B3F1DA809B100949A35 /* SocialNetwork55LabTests.swift in Sources */,
			);
			runOnlyForDeploymentPostprocessing = 0;
		};
/* End PBXSourcesBuildPhase section */

/* Begin PBXTargetDependency section */
		A4F89B3C1DA809B100949A35 /* PBXTargetDependency */ = {
			isa = PBXTargetDependency;
			target = A4F89B251DA809B100949A35 /* SocialNetwork55Lab */;
			targetProxy = A4F89B3B1DA809B100949A35 /* PBXContainerItemProxy */;
		};
/* End PBXTargetDependency section */

/* Begin PBXVariantGroup section */
		A4F89B321DA809B100949A35 /* LaunchScreen.storyboard */ = {
			isa = PBXVariantGroup;
			children = (
				A4F89B331DA809B100949A35 /* Base */,
			);
			name = LaunchScreen.storyboard;
			sourceTree = "<group>";
		};
/* End PBXVariantGroup section */

/* Begin XCBuildConfiguration section */
		A4F89B411DA809B100949A35 /* Debug */ = {
			isa = XCBuildConfiguration;
			buildSettings = {
				ALWAYS_SEARCH_USER_PATHS = NO;
				CLANG_ANALYZER_NONNULL = YES;
				CLANG_CXX_LANGUAGE_STANDARD = "gnu++0x";
				CLANG_CXX_LIBRARY = "libc++";
				CLANG_ENABLE_MODULES = YES;
				CLANG_ENABLE_OBJC_ARC = YES;
				CLANG_WARN_BOOL_CONVERSION = YES;
				CLANG_WARN_CONSTANT_CONVERSION = YES;
				CLANG_WARN_DIRECT_OBJC_ISA_USAGE = YES_ERROR;
				CLANG_WARN_DOCUMENTATION_COMMENTS = YES;
				CLANG_WARN_EMPTY_BODY = YES;
				CLANG_WARN_ENUM_CONVERSION = YES;
				CLANG_WARN_INFINITE_RECURSION = YES;
				CLANG_WARN_INT_CONVERSION = YES;
				CLANG_WARN_OBJC_ROOT_CLASS = YES_ERROR;
				CLANG_WARN_SUSPICIOUS_MOVE = YES;
				CLANG_WARN_SUSPICIOUS_MOVES = YES;
				CLANG_WARN_UNREACHABLE_CODE = YES;
				CLANG_WARN__DUPLICATE_METHOD_MATCH = YES;
				"CODE_SIGN_IDENTITY[sdk=iphoneos*]" = "iPhone Developer";
				COPY_PHASE_STRIP = NO;
				CURRENT_PROJECT_VERSION = 5;
				DEBUG_INFORMATION_FORMAT = dwarf;
				ENABLE_STRICT_OBJC_MSGSEND = YES;
				ENABLE_TESTABILITY = YES;
				GCC_C_LANGUAGE_STANDARD = gnu99;
				GCC_DYNAMIC_NO_PIC = NO;
				GCC_NO_COMMON_BLOCKS = YES;
				GCC_OPTIMIZATION_LEVEL = 0;
				GCC_PREPROCESSOR_DEFINITIONS = (
					"DEBUG=1",
					"$(inherited)",
				);
				GCC_WARN_64_TO_32_BIT_CONVERSION = YES;
				GCC_WARN_ABOUT_RETURN_TYPE = YES_ERROR;
				GCC_WARN_UNDECLARED_SELECTOR = YES;
				GCC_WARN_UNINITIALIZED_AUTOS = YES_AGGRESSIVE;
				GCC_WARN_UNUSED_FUNCTION = YES;
				GCC_WARN_UNUSED_VARIABLE = YES;
				IPHONEOS_DEPLOYMENT_TARGET = 10.0;
				MTL_ENABLE_DEBUG_INFO = YES;
				ONLY_ACTIVE_ARCH = YES;
				SDKROOT = iphoneos;
				SWIFT_ACTIVE_COMPILATION_CONDITIONS = DEBUG;
				SWIFT_OPTIMIZATION_LEVEL = "-Onone";
				TARGETED_DEVICE_FAMILY = "1,2";
			};
			name = Debug;
		};
		A4F89B421DA809B100949A35 /* Release */ = {
			isa = XCBuildConfiguration;
			buildSettings = {
				ALWAYS_SEARCH_USER_PATHS = NO;
				CLANG_ANALYZER_NONNULL = YES;
				CLANG_CXX_LANGUAGE_STANDARD = "gnu++0x";
				CLANG_CXX_LIBRARY = "libc++";
				CLANG_ENABLE_MODULES = YES;
				CLANG_ENABLE_OBJC_ARC = YES;
				CLANG_WARN_BOOL_CONVERSION = YES;
				CLANG_WARN_CONSTANT_CONVERSION = YES;
				CLANG_WARN_DIRECT_OBJC_ISA_USAGE = YES_ERROR;
				CLANG_WARN_DOCUMENTATION_COMMENTS = YES;
				CLANG_WARN_EMPTY_BODY = YES;
				CLANG_WARN_ENUM_CONVERSION = YES;
				CLANG_WARN_INFINITE_RECURSION = YES;
				CLANG_WARN_INT_CONVERSION = YES;
				CLANG_WARN_OBJC_ROOT_CLASS = YES_ERROR;
				CLANG_WARN_SUSPICIOUS_MOVE = YES;
				CLANG_WARN_SUSPICIOUS_MOVES = YES;
				CLANG_WARN_UNREACHABLE_CODE = YES;
				CLANG_WARN__DUPLICATE_METHOD_MATCH = YES;
				"CODE_SIGN_IDENTITY[sdk=iphoneos*]" = "iPhone Developer";
				COPY_PHASE_STRIP = NO;
				CURRENT_PROJECT_VERSION = 5;
				DEBUG_INFORMATION_FORMAT = "dwarf-with-dsym";
				ENABLE_NS_ASSERTIONS = NO;
				ENABLE_STRICT_OBJC_MSGSEND = YES;
				GCC_C_LANGUAGE_STANDARD = gnu99;
				GCC_NO_COMMON_BLOCKS = YES;
				GCC_WARN_64_TO_32_BIT_CONVERSION = YES;
				GCC_WARN_ABOUT_RETURN_TYPE = YES_ERROR;
				GCC_WARN_UNDECLARED_SELECTOR = YES;
				GCC_WARN_UNINITIALIZED_AUTOS = YES_AGGRESSIVE;
				GCC_WARN_UNUSED_FUNCTION = YES;
				GCC_WARN_UNUSED_VARIABLE = YES;
				IPHONEOS_DEPLOYMENT_TARGET = 10.0;
				MTL_ENABLE_DEBUG_INFO = NO;
				SDKROOT = iphoneos;
				SWIFT_OPTIMIZATION_LEVEL = "-Owholemodule";
				TARGETED_DEVICE_FAMILY = "1,2";
				VALIDATE_PRODUCT = YES;
			};
			name = Release;
		};
		A4F89B441DA809B100949A35 /* Debug */ = {
			isa = XCBuildConfiguration;
			baseConfigurationReference = 7F2D51D0C903269F104DD2E8 /* Pods-SocialNetwork55Lab.debug.xcconfig */;
			buildSettings = {
				ASSETCATALOG_COMPILER_APPICON_NAME = AppIcon;
				CODE_SIGN_IDENTITY = "iPhone Developer";
				"CODE_SIGN_IDENTITY[sdk=iphoneos*]" = "iPhone Developer";
				DEVELOPMENT_TEAM = B865ENT4P3;
				INFOPLIST_FILE = SocialNetwork55Lab/Info.plist;
				LD_RUNPATH_SEARCH_PATHS = "$(inherited) @executable_path/Frameworks";
				OTHER_SWIFT_FLAGS = "$(inherited) -DDEVELOPMENT";
				PRODUCT_BUNDLE_IDENTIFIER = Lab262.SocialNetwork55Lab;
				PRODUCT_NAME = "$(TARGET_NAME)";
				PROVISIONING_PROFILE = "";
				PROVISIONING_PROFILE_SPECIFIER = "";
				SWIFT_VERSION = 3.0;
			};
			name = Debug;
		};
		A4F89B451DA809B100949A35 /* Release */ = {
			isa = XCBuildConfiguration;
			baseConfigurationReference = E8ADFF12FFF89CE58DCB984D /* Pods-SocialNetwork55Lab.release.xcconfig */;
			buildSettings = {
				ASSETCATALOG_COMPILER_APPICON_NAME = AppIcon;
				CODE_SIGN_IDENTITY = "iPhone Distribution";
				"CODE_SIGN_IDENTITY[sdk=iphoneos*]" = "iPhone Developer";
				DEVELOPMENT_TEAM = B865ENT4P3;
				INFOPLIST_FILE = SocialNetwork55Lab/Info.plist;
				LD_RUNPATH_SEARCH_PATHS = "$(inherited) @executable_path/Frameworks";
				OTHER_SWIFT_FLAGS = "$(inherited) -DPRODUCTION";
				PRODUCT_BUNDLE_IDENTIFIER = Lab262.SocialNetwork55Lab;
				PRODUCT_NAME = "$(TARGET_NAME)";
				PROVISIONING_PROFILE = "";
				PROVISIONING_PROFILE_SPECIFIER = "";
				SWIFT_VERSION = 3.0;
			};
			name = Release;
		};
		A4F89B471DA809B100949A35 /* Debug */ = {
			isa = XCBuildConfiguration;
			baseConfigurationReference = E7F1611213A3F6E266EA5C74 /* Pods-SocialNetwork55LabTests.debug.xcconfig */;
			buildSettings = {
				ALWAYS_EMBED_SWIFT_STANDARD_LIBRARIES = YES;
				BUNDLE_LOADER = "$(TEST_HOST)";
				DEVELOPMENT_TEAM = B865ENT4P3;
				INFOPLIST_FILE = SocialNetwork55LabTests/Info.plist;
				LD_RUNPATH_SEARCH_PATHS = "$(inherited) @executable_path/Frameworks @loader_path/Frameworks";
				PRODUCT_BUNDLE_IDENTIFIER = Lab262.SocialNetwork55LabTests;
				PRODUCT_NAME = "$(TARGET_NAME)";
				SWIFT_VERSION = 3.0;
				TEST_HOST = "$(BUILT_PRODUCTS_DIR)/SocialNetwork55Lab.app/SocialNetwork55Lab";
			};
			name = Debug;
		};
		A4F89B481DA809B100949A35 /* Release */ = {
			isa = XCBuildConfiguration;
			baseConfigurationReference = DAC9F1F42C53F856E6388C8B /* Pods-SocialNetwork55LabTests.release.xcconfig */;
			buildSettings = {
				ALWAYS_EMBED_SWIFT_STANDARD_LIBRARIES = YES;
				BUNDLE_LOADER = "$(TEST_HOST)";
				DEVELOPMENT_TEAM = B865ENT4P3;
				INFOPLIST_FILE = SocialNetwork55LabTests/Info.plist;
				LD_RUNPATH_SEARCH_PATHS = "$(inherited) @executable_path/Frameworks @loader_path/Frameworks";
				PRODUCT_BUNDLE_IDENTIFIER = Lab262.SocialNetwork55LabTests;
				PRODUCT_NAME = "$(TARGET_NAME)";
				SWIFT_VERSION = 3.0;
				TEST_HOST = "$(BUILT_PRODUCTS_DIR)/SocialNetwork55Lab.app/SocialNetwork55Lab";
			};
			name = Release;
		};
/* End XCBuildConfiguration section */

/* Begin XCConfigurationList section */
		A4F89B211DA809B100949A35 /* Build configuration list for PBXProject "SocialNetwork55Lab" */ = {
			isa = XCConfigurationList;
			buildConfigurations = (
				A4F89B411DA809B100949A35 /* Debug */,
				A4F89B421DA809B100949A35 /* Release */,
			);
			defaultConfigurationIsVisible = 0;
			defaultConfigurationName = Release;
		};
		A4F89B431DA809B100949A35 /* Build configuration list for PBXNativeTarget "SocialNetwork55Lab" */ = {
			isa = XCConfigurationList;
			buildConfigurations = (
				A4F89B441DA809B100949A35 /* Debug */,
				A4F89B451DA809B100949A35 /* Release */,
			);
			defaultConfigurationIsVisible = 0;
			defaultConfigurationName = Release;
		};
		A4F89B461DA809B100949A35 /* Build configuration list for PBXNativeTarget "SocialNetwork55LabTests" */ = {
			isa = XCConfigurationList;
			buildConfigurations = (
				A4F89B471DA809B100949A35 /* Debug */,
				A4F89B481DA809B100949A35 /* Release */,
			);
			defaultConfigurationIsVisible = 0;
			defaultConfigurationName = Release;
		};
/* End XCConfigurationList section */
	};
	rootObject = A4F89B1E1DA809B100949A35 /* Project object */;
}
